
Microsoft Visual Studio Solution File, Format Version 12.00
# Visual Studio 15
VisualStudioVersion = 15.0.28010.2003
MinimumVisualStudioVersion = 10.0.40219.1
Project("{FAE04EC0-301F-11D3-BF4B-00C04F79EFBC}") = "Diabetes_Tracker.Android", "Diabetes_Tracker\Diabetes_Tracker.Android\Diabetes_Tracker.Android.csproj", "{93DAAB62-7CC8-4F43-AD2E-1885EB645494}"
EndProject
Project("{FAE04EC0-301F-11D3-BF4B-00C04F79EFBC}") = "Diabetes_Tracker.iOS", "Diabetes_Tracker\Diabetes_Tracker.iOS\Diabetes_Tracker.iOS.csproj", "{242944DD-39DF-4A0F-B63D-23F7714CF837}"
EndProject
Project("{FAE04EC0-301F-11D3-BF4B-00C04F79EFBC}") = "Diabetes_Tracker", "Diabetes_Tracker\Diabetes_Tracker\Diabetes_Tracker.csproj", "{1EFE788F-C18B-4512-9BA6-2ECBA723A891}"
EndProject
Global
	GlobalSection(SolutionConfigurationPlatforms) = preSolution
		Ad-Hoc|Any CPU = Ad-Hoc|Any CPU
		Ad-Hoc|iPhone = Ad-Hoc|iPhone
		Ad-Hoc|iPhoneSimulator = Ad-Hoc|iPhoneSimulator
		AppStore|Any CPU = AppStore|Any CPU
		AppStore|iPhone = AppStore|iPhone
		AppStore|iPhoneSimulator = AppStore|iPhoneSimulator
		Debug|Any CPU = Debug|Any CPU
		Debug|iPhone = Debug|iPhone
		Debug|iPhoneSimulator = Debug|iPhoneSimulator
		Release|Any CPU = Release|Any CPU
		Release|iPhone = Release|iPhone
		Release|iPhoneSimulator = Release|iPhoneSimulator
	EndGlobalSection
	GlobalSection(ProjectConfigurationPlatforms) = postSolution
		{93DAAB62-7CC8-4F43-AD2E-1885EB645494}.Ad-Hoc|Any CPU.ActiveCfg = Release|Any CPU
		{93DAAB62-7CC8-4F43-AD2E-1885EB645494}.Ad-Hoc|Any CPU.Build.0 = Release|Any CPU
		{93DAAB62-7CC8-4F43-AD2E-1885EB645494}.Ad-Hoc|Any CPU.Deploy.0 = Release|Any CPU
		{93DAAB62-7CC8-4F43-AD2E-1885EB645494}.Ad-Hoc|iPhone.ActiveCfg = Release|Any CPU
		{93DAAB62-7CC8-4F43-AD2E-1885EB645494}.Ad-Hoc|iPhone.Build.0 = Release|Any CPU
		{93DAAB62-7CC8-4F43-AD2E-1885EB645494}.Ad-Hoc|iPhone.Deploy.0 = Release|Any CPU
		{93DAAB62-7CC8-4F43-AD2E-1885EB645494}.Ad-Hoc|iPhoneSimulator.ActiveCfg = Release|Any CPU
		{93DAAB62-7CC8-4F43-AD2E-1885EB645494}.Ad-Hoc|iPhoneSimulator.Build.0 = Release|Any CPU
		{93DAAB62-7CC8-4F43-AD2E-1885EB645494}.Ad-Hoc|iPhoneSimulator.Deploy.0 = Release|Any CPU
		{93DAAB62-7CC8-4F43-AD2E-1885EB645494}.AppStore|Any CPU.ActiveCfg = Release|Any CPU
		{93DAAB62-7CC8-4F43-AD2E-1885EB645494}.AppStore|Any CPU.Build.0 = Release|Any CPU
		{93DAAB62-7CC8-4F43-AD2E-1885EB645494}.AppStore|Any CPU.Deploy.0 = Release|Any CPU
		{93DAAB62-7CC8-4F43-AD2E-1885EB645494}.AppStore|iPhone.ActiveCfg = Release|Any CPU
		{93DAAB62-7CC8-4F43-AD2E-1885EB645494}.AppStore|iPhone.Build.0 = Release|Any CPU
		{93DAAB62-7CC8-4F43-AD2E-1885EB645494}.AppStore|iPhone.Deploy.0 = Release|Any CPU
		{93DAAB62-7CC8-4F43-AD2E-1885EB645494}.AppStore|iPhoneSimulator.ActiveCfg = Release|Any CPU
		{93DAAB62-7CC8-4F43-AD2E-1885EB645494}.AppStore|iPhoneSimulator.Build.0 = Release|Any CPU
		{93DAAB62-7CC8-4F43-AD2E-1885EB645494}.AppStore|iPhoneSimulator.Deploy.0 = Release|Any CPU
		{93DAAB62-7CC8-4F43-AD2E-1885EB645494}.Debug|Any CPU.ActiveCfg = Debug|Any CPU
		{93DAAB62-7CC8-4F43-AD2E-1885EB645494}.Debug|Any CPU.Build.0 = Debug|Any CPU
		{93DAAB62-7CC8-4F43-AD2E-1885EB645494}.Debug|Any CPU.Deploy.0 = Debug|Any CPU
		{93DAAB62-7CC8-4F43-AD2E-1885EB645494}.Debug|iPhone.ActiveCfg = Debug|Any CPU
		{93DAAB62-7CC8-4F43-AD2E-1885EB645494}.Debug|iPhone.Build.0 = Debug|Any CPU
		{93DAAB62-7CC8-4F43-AD2E-1885EB645494}.Debug|iPhone.Deploy.0 = Debug|Any CPU
		{93DAAB62-7CC8-4F43-AD2E-1885EB645494}.Debug|iPhoneSimulator.ActiveCfg = Debug|Any CPU
		{93DAAB62-7CC8-4F43-AD2E-1885EB645494}.Debug|iPhoneSimulator.Build.0 = Debug|Any CPU
		{93DAAB62-7CC8-4F43-AD2E-1885EB645494}.Debug|iPhoneSimulator.Deploy.0 = Debug|Any CPU
		{93DAAB62-7CC8-4F43-AD2E-1885EB645494}.Release|Any CPU.ActiveCfg = Release|Any CPU
		{93DAAB62-7CC8-4F43-AD2E-1885EB645494}.Release|Any CPU.Build.0 = Release|Any CPU
		{93DAAB62-7CC8-4F43-AD2E-1885EB645494}.Release|Any CPU.Deploy.0 = Release|Any CPU
		{93DAAB62-7CC8-4F43-AD2E-1885EB645494}.Release|iPhone.ActiveCfg = Release|Any CPU
		{93DAAB62-7CC8-4F43-AD2E-1885EB645494}.Release|iPhone.Build.0 = Release|Any CPU
		{93DAAB62-7CC8-4F43-AD2E-1885EB645494}.Release|iPhone.Deploy.0 = Release|Any CPU
		{93DAAB62-7CC8-4F43-AD2E-1885EB645494}.Release|iPhoneSimulator.ActiveCfg = Release|Any CPU
		{93DAAB62-7CC8-4F43-AD2E-1885EB645494}.Release|iPhoneSimulator.Build.0 = Release|Any CPU
		{93DAAB62-7CC8-4F43-AD2E-1885EB645494}.Release|iPhoneSimulator.Deploy.0 = Release|Any CPU
		{242944DD-39DF-4A0F-B63D-23F7714CF837}.Ad-Hoc|Any CPU.ActiveCfg = Ad-Hoc|iPhone
		{242944DD-39DF-4A0F-B63D-23F7714CF837}.Ad-Hoc|Any CPU.Build.0 = Ad-Hoc|iPhone
		{242944DD-39DF-4A0F-B63D-23F7714CF837}.Ad-Hoc|Any CPU.Deploy.0 = Ad-Hoc|iPhone
		{242944DD-39DF-4A0F-B63D-23F7714CF837}.Ad-Hoc|iPhone.ActiveCfg = Ad-Hoc|iPhone
		{242944DD-39DF-4A0F-B63D-23F7714CF837}.Ad-Hoc|iPhone.Build.0 = Ad-Hoc|iPhone
		{242944DD-39DF-4A0F-B63D-23F7714CF837}.Ad-Hoc|iPhone.Deploy.0 = Ad-Hoc|iPhone
		{242944DD-39DF-4A0F-B63D-23F7714CF837}.Ad-Hoc|iPhoneSimulator.ActiveCfg = Ad-Hoc|iPhoneSimulator
		{242944DD-39DF-4A0F-B63D-23F7714CF837}.Ad-Hoc|iPhoneSimulator.Build.0 = Ad-Hoc|iPhoneSimulator
		{242944DD-39DF-4A0F-B63D-23F7714CF837}.Ad-Hoc|iPhoneSimulator.Deploy.0 = Ad-Hoc|iPhoneSimulator
		{242944DD-39DF-4A0F-B63D-23F7714CF837}.AppStore|Any CPU.ActiveCfg = AppStore|iPhone
		{242944DD-39DF-4A0F-B63D-23F7714CF837}.AppStore|Any CPU.Build.0 = AppStore|iPhone
		{242944DD-39DF-4A0F-B63D-23F7714CF837}.AppStore|Any CPU.Deploy.0 = AppStore|iPhone
		{242944DD-39DF-4A0F-B63D-23F7714CF837}.AppStore|iPhone.ActiveCfg = AppStore|iPhone
		{242944DD-39DF-4A0F-B63D-23F7714CF837}.AppStore|iPhone.Build.0 = AppStore|iPhone
		{242944DD-39DF-4A0F-B63D-23F7714CF837}.AppStore|iPhone.Deploy.0 = AppStore|iPhone
		{242944DD-39DF-4A0F-B63D-23F7714CF837}.AppStore|iPhoneSimulator.ActiveCfg = AppStore|iPhoneSimulator
		{242944DD-39DF-4A0F-B63D-23F7714CF837}.AppStore|iPhoneSimulator.Build.0 = AppStore|iPhoneSimulator
		{242944DD-39DF-4A0F-B63D-23F7714CF837}.AppStore|iPhoneSimulator.Deploy.0 = AppStore|iPhoneSimulator
		{242944DD-39DF-4A0F-B63D-23F7714CF837}.Debug|Any CPU.ActiveCfg = Debug|iPhoneSimulator
		{242944DD-39DF-4A0F-B63D-23F7714CF837}.Debug|Any CPU.Build.0 = Debug|iPhoneSimulator
		{242944DD-39DF-4A0F-B63D-23F7714CF837}.Debug|Any CPU.Deploy.0 = Debug|iPhoneSimulator
		{242944DD-39DF-4A0F-B63D-23F7714CF837}.Debug|iPhone.ActiveCfg = Debug|iPhone
		{242944DD-39DF-4A0F-B63D-23F7714CF837}.Debug|iPhone.Build.0 = Debug|iPhone
		{242944DD-39DF-4A0F-B63D-23F7714CF837}.Debug|iPhone.Deploy.0 = Debug|iPhone
		{242944DD-39DF-4A0F-B63D-23F7714CF837}.Debug|iPhoneSimulator.ActiveCfg = Debug|iPhoneSimulator
		{242944DD-39DF-4A0F-B63D-23F7714CF837}.Debug|iPhoneSimulator.Build.0 = Debug|iPhoneSimulator
		{242944DD-39DF-4A0F-B63D-23F7714CF837}.Debug|iPhoneSimulator.Deploy.0 = Debug|iPhoneSimulator
		{242944DD-39DF-4A0F-B63D-23F7714CF837}.Release|Any CPU.ActiveCfg = Release|iPhone
		{242944DD-39DF-4A0F-B63D-23F7714CF837}.Release|Any CPU.Build.0 = Release|iPhone
		{242944DD-39DF-4A0F-B63D-23F7714CF837}.Release|Any CPU.Deploy.0 = Release|iPhone
		{242944DD-39DF-4A0F-B63D-23F7714CF837}.Release|iPhone.ActiveCfg = Release|iPhone
		{242944DD-39DF-4A0F-B63D-23F7714CF837}.Release|iPhone.Build.0 = Release|iPhone
		{242944DD-39DF-4A0F-B63D-23F7714CF837}.Release|iPhone.Deploy.0 = Release|iPhone
		{242944DD-39DF-4A0F-B63D-23F7714CF837}.Release|iPhoneSimulator.ActiveCfg = Release|iPhoneSimulator
		{242944DD-39DF-4A0F-B63D-23F7714CF837}.Release|iPhoneSimulator.Build.0 = Release|iPhoneSimulator
		{242944DD-39DF-4A0F-B63D-23F7714CF837}.Release|iPhoneSimulator.Deploy.0 = Release|iPhoneSimulator
		{1EFE788F-C18B-4512-9BA6-2ECBA723A891}.Ad-Hoc|Any CPU.ActiveCfg = Debug|Any CPU
		{1EFE788F-C18B-4512-9BA6-2ECBA723A891}.Ad-Hoc|Any CPU.Build.0 = Debug|Any CPU
		{1EFE788F-C18B-4512-9BA6-2ECBA723A891}.Ad-Hoc|Any CPU.Deploy.0 = Debug|Any CPU
		{1EFE788F-C18B-4512-9BA6-2ECBA723A891}.Ad-Hoc|iPhone.ActiveCfg = Debug|Any CPU
		{1EFE788F-C18B-4512-9BA6-2ECBA723A891}.Ad-Hoc|iPhone.Build.0 = Debug|Any CPU
		{1EFE788F-C18B-4512-9BA6-2ECBA723A891}.Ad-Hoc|iPhone.Deploy.0 = Debug|Any CPU
		{1EFE788F-C18B-4512-9BA6-2ECBA723A891}.Ad-Hoc|iPhoneSimulator.ActiveCfg = Debug|Any CPU
		{1EFE788F-C18B-4512-9BA6-2ECBA723A891}.Ad-Hoc|iPhoneSimulator.Build.0 = Debug|Any CPU
		{1EFE788F-C18B-4512-9BA6-2ECBA723A891}.Ad-Hoc|iPhoneSimulator.Deploy.0 = Debug|Any CPU
		{1EFE788F-C18B-4512-9BA6-2ECBA723A891}.AppStore|Any CPU.ActiveCfg = Debug|Any CPU
		{1EFE788F-C18B-4512-9BA6-2ECBA723A891}.AppStore|Any CPU.Build.0 = Debug|Any CPU
		{1EFE788F-C18B-4512-9BA6-2ECBA723A891}.AppStore|Any CPU.Deploy.0 = Debug|Any CPU
		{1EFE788F-C18B-4512-9BA6-2ECBA723A891}.AppStore|iPhone.ActiveCfg = Debug|Any CPU
		{1EFE788F-C18B-4512-9BA6-2ECBA723A891}.AppStore|iPhone.Build.0 = Debug|Any CPU
		{1EFE788F-C18B-4512-9BA6-2ECBA723A891}.AppStore|iPhone.Deploy.0 = Debug|Any CPU
		{1EFE788F-C18B-4512-9BA6-2ECBA723A891}.AppStore|iPhoneSimulator.ActiveCfg = Debug|Any CPU
		{1EFE788F-C18B-4512-9BA6-2ECBA723A891}.AppStore|iPhoneSimulator.Build.0 = Debug|Any CPU
		{1EFE788F-C18B-4512-9BA6-2ECBA723A891}.AppStore|iPhoneSimulator.Deploy.0 = Debug|Any CPU
		{1EFE788F-C18B-4512-9BA6-2ECBA723A891}.Debug|Any CPU.ActiveCfg = Debug|Any CPU
		{1EFE788F-C18B-4512-9BA6-2ECBA723A891}.Debug|Any CPU.Build.0 = Debug|Any CPU
		{1EFE788F-C18B-4512-9BA6-2ECBA723A891}.Debug|Any CPU.Deploy.0 = Debug|Any CPU
		{1EFE788F-C18B-4512-9BA6-2ECBA723A891}.Debug|iPhone.ActiveCfg = Debug|Any CPU
		{1EFE788F-C18B-4512-9BA6-2ECBA723A891}.Debug|iPhone.Build.0 = Debug|Any CPU
		{1EFE788F-C18B-4512-9BA6-2ECBA723A891}.Debug|iPhone.Deploy.0 = Debug|Any CPU
		{1EFE788F-C18B-4512-9BA6-2ECBA723A891}.Debug|iPhoneSimulator.ActiveCfg = Debug|Any CPU
		{1EFE788F-C18B-4512-9BA6-2ECBA723A891}.Debug|iPhoneSimulator.Build.0 = Debug|Any CPU
		{1EFE788F-C18B-4512-9BA6-2ECBA723A891}.Debug|iPhoneSimulator.Deploy.0 = Debug|Any CPU
		{1EFE788F-C18B-4512-9BA6-2ECBA723A891}.Release|Any CPU.ActiveCfg = Release|Any CPU
		{1EFE788F-C18B-4512-9BA6-2ECBA723A891}.Release|Any CPU.Build.0 = Release|Any CPU
		{1EFE788F-C18B-4512-9BA6-2ECBA723A891}.Release|Any CPU.Deploy.0 = Release|Any CPU
		{1EFE788F-C18B-4512-9BA6-2ECBA723A891}.Release|iPhone.ActiveCfg = Release|Any CPU
		{1EFE788F-C18B-4512-9BA6-2ECBA723A891}.Release|iPhone.Build.0 = Release|Any CPU
		{1EFE788F-C18B-4512-9BA6-2ECBA723A891}.Release|iPhone.Deploy.0 = Release|Any CPU
		{1EFE788F-C18B-4512-9BA6-2ECBA723A891}.Release|iPhoneSimulator.ActiveCfg = Release|Any CPU
		{1EFE788F-C18B-4512-9BA6-2ECBA723A891}.Release|iPhoneSimulator.Build.0 = Release|Any CPU
		{1EFE788F-C18B-4512-9BA6-2ECBA723A891}.Release|iPhoneSimulator.Deploy.0 = Release|Any CPU
	EndGlobalSection
	GlobalSection(SolutionProperties) = preSolution
		HideSolutionNode = FALSE
	EndGlobalSection
	GlobalSection(ExtensibilityGlobals) = postSolution
		SolutionGuid = {2C685FB4-5F9B-4160-87F9-A6C5C14C921A}
	EndGlobalSection
EndGlobal
